
Microsoft Visual Studio Solution File, Format Version 12.00
# Visual Studio 15
VisualStudioVersion = 15.0.27130.2010
MinimumVisualStudioVersion = 10.0.40219.1
Project("{FAE04EC0-301F-11D3-BF4B-00C04F79EFBC}") = "WebApplication120", "WebApplication120\WebApplication120.csproj", "{D6C39E51-175C-43DF-A3E4-3425A5A5BBF8}"
EndProject
Project("{FAE04EC0-301F-11D3-BF4B-00C04F79EFBC}") = "ClassLibrary1", "ClassLibrary1\ClassLibrary1.csproj", "{29D0A1E9-3C4F-4AA0-80EF-0583DD0113EF}"
EndProject
Global
	GlobalSection(SolutionConfigurationPlatforms) = preSolution
		Debug|Any CPU = Debug|Any CPU
		Release|Any CPU = Release|Any CPU
	EndGlobalSection
	GlobalSection(ProjectConfigurationPlatforms) = postSolution
		{D6C39E51-175C-43DF-A3E4-3425A5A5BBF8}.Debug|Any CPU.ActiveCfg = Debug|Any CPU
		{D6C39E51-175C-43DF-A3E4-3425A5A5BBF8}.Debug|Any CPU.Build.0 = Debug|Any CPU
		{D6C39E51-175C-43DF-A3E4-3425A5A5BBF8}.Release|Any CPU.ActiveCfg = Release|Any CPU
		{D6C39E51-175C-43DF-A3E4-3425A5A5BBF8}.Release|Any CPU.Build.0 = Release|Any CPU
		{29D0A1E9-3C4F-4AA0-80EF-0583DD0113EF}.Debug|Any CPU.ActiveCfg = Debug|Any CPU
		{29D0A1E9-3C4F-4AA0-80EF-0583DD0113EF}.Debug|Any CPU.Build.0 = Debug|Any CPU
		{29D0A1E9-3C4F-4AA0-80EF-0583DD0113EF}.Release|Any CPU.ActiveCfg = Release|Any CPU
		{29D0A1E9-3C4F-4AA0-80EF-0583DD0113EF}.Release|Any CPU.Build.0 = Release|Any CPU
	EndGlobalSection
	GlobalSection(SolutionProperties) = preSolution
		HideSolutionNode = FALSE
	EndGlobalSection
	GlobalSection(ExtensibilityGlobals) = postSolution
		SolutionGuid = {54235F15-B43C-485E-BBB5-4AC7E9BDD807}
	EndGlobalSection
EndGlobal
